
Microsoft Visual Studio Solution File, Format Version 12.00
# Visual Studio 15
VisualStudioVersion = 15.0.28307.1000
MinimumVisualStudioVersion = 10.0.40219.1
Project("{FAE04EC0-301F-11D3-BF4B-00C04F79EFBC}") = "TestAndroid.Android", "TestAndroid\TestAndroid.Android\TestAndroid.Android.csproj", "{B5BFB98E-85B6-4921-990C-8334558F259E}"
EndProject
Project("{FAE04EC0-301F-11D3-BF4B-00C04F79EFBC}") = "TestAndroid", "TestAndroid\TestAndroid\TestAndroid.csproj", "{3855738F-E0DC-4099-A653-E26E3073782A}"
EndProject
Global
	GlobalSection(SolutionConfigurationPlatforms) = preSolution
		Debug|Any CPU = Debug|Any CPU
		Release|Any CPU = Release|Any CPU
	EndGlobalSection
	GlobalSection(ProjectConfigurationPlatforms) = postSolution
		{B5BFB98E-85B6-4921-990C-8334558F259E}.Debug|Any CPU.ActiveCfg = Debug|Any CPU
		{B5BFB98E-85B6-4921-990C-8334558F259E}.Debug|Any CPU.Build.0 = Debug|Any CPU
		{B5BFB98E-85B6-4921-990C-8334558F259E}.Debug|Any CPU.Deploy.0 = Debug|Any CPU
		{B5BFB98E-85B6-4921-990C-8334558F259E}.Release|Any CPU.ActiveCfg = Release|Any CPU
		{B5BFB98E-85B6-4921-990C-8334558F259E}.Release|Any CPU.Build.0 = Release|Any CPU
		{B5BFB98E-85B6-4921-990C-8334558F259E}.Release|Any CPU.Deploy.0 = Release|Any CPU
		{3855738F-E0DC-4099-A653-E26E3073782A}.Debug|Any CPU.ActiveCfg = Debug|Any CPU
		{3855738F-E0DC-4099-A653-E26E3073782A}.Debug|Any CPU.Build.0 = Debug|Any CPU
		{3855738F-E0DC-4099-A653-E26E3073782A}.Release|Any CPU.ActiveCfg = Release|Any CPU
		{3855738F-E0DC-4099-A653-E26E3073782A}.Release|Any CPU.Build.0 = Release|Any CPU
	EndGlobalSection
	GlobalSection(SolutionProperties) = preSolution
		HideSolutionNode = FALSE
	EndGlobalSection
	GlobalSection(ExtensibilityGlobals) = postSolution
		SolutionGuid = {0B56C659-B2E8-4FD1-9898-7FB9452CC867}
	EndGlobalSection
EndGlobal
